
Microsoft Visual Studio Solution File, Format Version 12.00
# Visual Studio Version 16
VisualStudioVersion = 16.0.31410.357
MinimumVisualStudioVersion = 10.0.40219.1
Project("{9A19103F-16F7-4668-BE54-9A1E7A4F7556}") = "BTLLTWin", "BTLLTWin.csproj", "{F6210DA7-7342-4759-9BDF-580BF42E0B3A}"
EndProject
Project("{54435603-DBB4-11D2-8724-00A0C9A8B90C}") = "Setup", "..\Setup\Setup.vdproj", "{433EE008-8584-4E05-A6AB-B94098B9C6D9}"
EndProject
Global
	GlobalSection(SolutionConfigurationPlatforms) = preSolution
		Debug|Any CPU = Debug|Any CPU
		Release|Any CPU = Release|Any CPU
	EndGlobalSection
	GlobalSection(ProjectConfigurationPlatforms) = postSolution
		{F6210DA7-7342-4759-9BDF-580BF42E0B3A}.Debug|Any CPU.ActiveCfg = Debug|Any CPU
		{F6210DA7-7342-4759-9BDF-580BF42E0B3A}.Debug|Any CPU.Build.0 = Debug|Any CPU
		{F6210DA7-7342-4759-9BDF-580BF42E0B3A}.Release|Any CPU.ActiveCfg = Release|Any CPU
		{F6210DA7-7342-4759-9BDF-580BF42E0B3A}.Release|Any CPU.Build.0 = Release|Any CPU
		{433EE008-8584-4E05-A6AB-B94098B9C6D9}.Debug|Any CPU.ActiveCfg = Debug
		{433EE008-8584-4E05-A6AB-B94098B9C6D9}.Release|Any CPU.ActiveCfg = Release
	EndGlobalSection
	GlobalSection(SolutionProperties) = preSolution
		HideSolutionNode = FALSE
	EndGlobalSection
	GlobalSection(ExtensibilityGlobals) = postSolution
		SolutionGuid = {8F6F64C1-160E-49CF-A323-A6D0BA8C4041}
	EndGlobalSection
EndGlobal
